{
  "name": "nasa-space-app-2024",
  "lockfileVersion": 3,
  "requires": true,
  "packages": {
    "": {
      "dependencies": {
        "vue-awesome-sidebar": "^1.2.4"
      }
    },
    "node_modules/vue-awesome-sidebar": {
      "version": "1.2.4",
      "resolved": "https://registry.npmjs.org/vue-awesome-sidebar/-/vue-awesome-sidebar-1.2.4.tgz",
      "integrity": "sha512-nc1EfoZwJFevV/VTUhBzj2FU03Sc9gNb8maMN1QFACIqareKzMsvvasrz/xo06oOfRHiaxIUVKHw8cWrGq4iTw==",
      "license": "MIT"
    }
  }
}
